github.com/BurntSushi/toml v0.3.1 h1:WXkYYl6Yr3qBf1K79EBnL4mak0OimBfB0XUf9Vl28OQ=
github.com/BurntSushi/toml v0.3.1/go.mod h1:xHWCNGjB5oqiDr8zfno3MHue2Ht5sIBksp03qcyfWMU=
github.com/robfig/cron/v3 v3.0.1 h1:WdRxkvbJztn8LMz/QEvLN5sBU+xKpSqwwUO1Pjr4qDs=
github.com/robfig/cron/v3 v3.0.1/go.mod h1:eQICP3HwyT7UooqI/z+Ov+PtYAWygg1TEWWzGIFLtro=
github.com/zxysilent/logs v0.1.7 h1:IBlaQby/SE6ZBlve2p0/0+oCcRO2GqbLWHXJi0Mcrno=
github.com/zxysilent/logs v0.1.7/go.mod h1:n2QCxPdkVW4haduEpXBg72/sX/bH8y532JVxI0bxXIU=
